# This file is autogenerated, do not edit; changes may be undone by the next 'dep ensure'.


[[projects]]
  digest = "1:fdd832fdedd8eaad902acdb5931448650b9f5710f9d66edcc7651561d2d09526"
  name = "github.com/prometheus/client_golang"
  packages = ["api/prometheus"]
  pruneopts = "UT"
  revision = "c5b7fccd204277076155f10851dad72b76a49317"
  version = "v0.8.0"

[[projects]]
  digest = "1:eae0ba7dae229f7daf584f2cd4c774fecefdbe0440c79e3de9cd67048055d51f"
  name = "github.com/prometheus/common"
  packages = ["model"]
  pruneopts = "UT"
  revision = "a82f4c12f983cc2649298185f296632953e50d3e"
  version = "v0.3.0"

[[projects]]
  branch = "master"
  digest = "1:f8b491a7c25030a895a0e579742d07136e6958e77ef2d46e769db8eec4e58fcd"
  name = "golang.org/x/net"
  packages = [
    "context",
    "context/ctxhttp",
  ]
  pruneopts = "UT"
  revision = "4829fb13d2c62012c17688fa7f629f371014946d"

[solve-meta]
  analyzer-name = "dep"
  analyzer-version = 1
  input-imports = ["github.com/prometheus/client_golang/api/prometheus"]
  solver-name = "gps-cdcl"
  solver-version = 1
